
Microsoft Visual Studio Solution File, Format Version 12.00
# Visual Studio Version 16
VisualStudioVersion = 16.0.33927.289
MinimumVisualStudioVersion = 10.0.40219.1
Project("{2150E333-8FDC-42A3-9474-1A3956D46DE8}") = "Task0", "Task0", "{844F372A-41F2-4865-AC67-323E1C9E886E}"
EndProject
Project("{FAE04EC0-301F-11D3-BF4B-00C04F79EFBC}") = "Tyuiu.PimenovaTS.Sprint1.Task0.V9", "Tyuiu.PimenovaTS.Sprint1.Task0.V9\Tyuiu.PimenovaTS.Sprint1.Task0.V9.csproj", "{73BF2D12-7A0D-4967-A87A-37892D9F1836}"
EndProject
Project("{FAE04EC0-301F-11D3-BF4B-00C04F79EFBC}") = "Tyuiu.PimenovaTS.Sprint1.Task0.V9.Lib", "Tyuiu.PimenovaTS.Sprint1.Task0.V9.Lib\Tyuiu.PimenovaTS.Sprint1.Task0.V9.Lib.csproj", "{195C3DFA-D4A0-4080-AD83-40823CE693B2}"
EndProject
Project("{FAE04EC0-301F-11D3-BF4B-00C04F79EFBC}") = "Tyuiu.PimenovaTS.Sprint1.Task0.V9.Test", "Tyuiu.PimenovaTS.Sprint1.Task0.V9.Test\Tyuiu.PimenovaTS.Sprint1.Task0.V9.Test.csproj", "{39897307-A762-481A-899E-28B21EF24CB2}"
EndProject
Project("{2150E333-8FDC-42A3-9474-1A3956D46DE8}") = "Task1", "Task1", "{8DB7E0EB-D2EA-4160-828C-EA598412AB21}"
EndProject
Project("{FAE04EC0-301F-11D3-BF4B-00C04F79EFBC}") = "Tyuiu.PimenovaTS.Sprint1.Task1.V30", "Tyuiu.PimenovaTS.Sprint1.Task1.V9\Tyuiu.PimenovaTS.Sprint1.Task1.V30.csproj", "{437C6E63-539F-4935-B0C7-73EAA7C2FE28}"
EndProject
Project("{FAE04EC0-301F-11D3-BF4B-00C04F79EFBC}") = "Tyuiu.PimenovaTS.Sprint1.Task1.V30.Lib", "Tyuiu.PimenovaTS.Sprint1.Task1.V9.Lib\Tyuiu.PimenovaTS.Sprint1.Task1.V30.Lib.csproj", "{3CBE087B-0EC5-4604-B1ED-0C9E77989A2A}"
EndProject
Project("{FAE04EC0-301F-11D3-BF4B-00C04F79EFBC}") = "Tyuiu.PimenovaTS.Sprint1.Task1.V30.Test", "Tyuiu.PimenovaTS.Sprint1.Task1.V9.Test\Tyuiu.PimenovaTS.Sprint1.Task1.V30.Test.csproj", "{BD7A26D8-4E13-4691-AB1D-21C38578A250}"
EndProject
Project("{2150E333-8FDC-42A3-9474-1A3956D46DE8}") = "Task2", "Task2", "{C2573529-9C86-4819-A647-049D7995F24E}"
EndProject
Project("{FAE04EC0-301F-11D3-BF4B-00C04F79EFBC}") = "Tyuiu.PimenovaTS.Sprint1.Task2.V22", "Tyuiu.PimenovaTS.Sprint1.Task2.V22\Tyuiu.PimenovaTS.Sprint1.Task2.V22.csproj", "{6D013CD5-E797-428B-85E0-21617266168D}"
EndProject
Project("{FAE04EC0-301F-11D3-BF4B-00C04F79EFBC}") = "Tyuiu.PimenovaTS.Sprint1.Task2.V22.Lib", "Tyuiu.PimenovaTS.Sprint1.Task2.V22.Lib\Tyuiu.PimenovaTS.Sprint1.Task2.V22.Lib.csproj", "{3865D7F4-FAFD-409E-8F15-824D252FE439}"
EndProject
Project("{FAE04EC0-301F-11D3-BF4B-00C04F79EFBC}") = "Tyuiu.PimenovaTS.Sprint1.Task2.V22.Test", "Tyuiu.PimenovaTS.Sprint1.Task2.V22.Test\Tyuiu.PimenovaTS.Sprint1.Task2.V22.Test.csproj", "{6F2E03A1-0236-4C94-90AD-272897157254}"
EndProject
Project("{2150E333-8FDC-42A3-9474-1A3956D46DE8}") = "Task3", "Task3", "{69525897-B654-4D26-AFF6-BB060AEDF715}"
EndProject
Project("{FAE04EC0-301F-11D3-BF4B-00C04F79EFBC}") = "Tyuiu.PimenovaTS.Sprint1.Task3.V13", "Tyuiu.PimenovaTS.Sprint1.Task3.V13\Tyuiu.PimenovaTS.Sprint1.Task3.V13.csproj", "{5B79A3A1-8B18-44BE-82FD-D3DF105BAE53}"
EndProject
Project("{FAE04EC0-301F-11D3-BF4B-00C04F79EFBC}") = "Tyuiu.PimenovaTS.Sprint1.Task3.V13.Lib", "Tyuiu.PimenovaTS.Sprint1.Task3.V13.Lib\Tyuiu.PimenovaTS.Sprint1.Task3.V13.Lib.csproj", "{C67EEBA1-5D9E-4D7A-9497-C804188561BA}"
EndProject
Project("{FAE04EC0-301F-11D3-BF4B-00C04F79EFBC}") = "Tyuiu.PimenovaTS.Sprint1.Task3.V13.Test", "Tyuiu.PimenovaTS.Sprint1.Task3.V13.Test\Tyuiu.PimenovaTS.Sprint1.Task3.V13.Test.csproj", "{D096476A-59B9-4EB6-8780-1532AB47843A}"
EndProject
Project("{2150E333-8FDC-42A3-9474-1A3956D46DE8}") = "Task4", "Task4", "{AA7669F5-BA92-41D8-BC39-415330114AE1}"
EndProject
Project("{FAE04EC0-301F-11D3-BF4B-00C04F79EFBC}") = "Tyuiu.PimenovaTS.Sprint1.Task4.V28", "Tyuiu.PimenovaTS.Sprint1.Task4.V28\Tyuiu.PimenovaTS.Sprint1.Task4.V28.csproj", "{63D95DA4-3E3A-4D93-8504-2ADC26D2B40E}"
EndProject
Project("{FAE04EC0-301F-11D3-BF4B-00C04F79EFBC}") = "Tyuiu.PimenovaTS.Sprint1.Task4.V28.Lib", "Tyuiu.PimenovaTS.Sprint1.Task4.V28.Lib\Tyuiu.PimenovaTS.Sprint1.Task4.V28.Lib.csproj", "{BCA76097-F4AD-4212-9C54-FFE0AE14FDF9}"
EndProject
Project("{FAE04EC0-301F-11D3-BF4B-00C04F79EFBC}") = "Tyuiu.PimenovaTS.Sprint1.Task4.V28.Test", "Tyuiu.PimenovaTS.Sprint1.Task4.V28.Test\Tyuiu.PimenovaTS.Sprint1.Task4.V28.Test.csproj", "{2C3F77C3-F1D8-4208-B01F-505CA7076DE3}"
EndProject
Global
	GlobalSection(SolutionConfigurationPlatforms) = preSolution
		Debug|Any CPU = Debug|Any CPU
		Release|Any CPU = Release|Any CPU
	EndGlobalSection
	GlobalSection(ProjectConfigurationPlatforms) = postSolution
		{73BF2D12-7A0D-4967-A87A-37892D9F1836}.Debug|Any CPU.ActiveCfg = Debug|Any CPU
		{73BF2D12-7A0D-4967-A87A-37892D9F1836}.Debug|Any CPU.Build.0 = Debug|Any CPU
		{73BF2D12-7A0D-4967-A87A-37892D9F1836}.Release|Any CPU.ActiveCfg = Release|Any CPU
		{73BF2D12-7A0D-4967-A87A-37892D9F1836}.Release|Any CPU.Build.0 = Release|Any CPU
		{195C3DFA-D4A0-4080-AD83-40823CE693B2}.Debug|Any CPU.ActiveCfg = Debug|Any CPU
		{195C3DFA-D4A0-4080-AD83-40823CE693B2}.Debug|Any CPU.Build.0 = Debug|Any CPU
		{195C3DFA-D4A0-4080-AD83-40823CE693B2}.Release|Any CPU.ActiveCfg = Release|Any CPU
		{195C3DFA-D4A0-4080-AD83-40823CE693B2}.Release|Any CPU.Build.0 = Release|Any CPU
		{39897307-A762-481A-899E-28B21EF24CB2}.Debug|Any CPU.ActiveCfg = Debug|Any CPU
		{39897307-A762-481A-899E-28B21EF24CB2}.Debug|Any CPU.Build.0 = Debug|Any CPU
		{39897307-A762-481A-899E-28B21EF24CB2}.Release|Any CPU.ActiveCfg = Release|Any CPU
		{39897307-A762-481A-899E-28B21EF24CB2}.Release|Any CPU.Build.0 = Release|Any CPU
		{437C6E63-539F-4935-B0C7-73EAA7C2FE28}.Debug|Any CPU.ActiveCfg = Debug|Any CPU
		{437C6E63-539F-4935-B0C7-73EAA7C2FE28}.Debug|Any CPU.Build.0 = Debug|Any CPU
		{437C6E63-539F-4935-B0C7-73EAA7C2FE28}.Release|Any CPU.ActiveCfg = Release|Any CPU
		{437C6E63-539F-4935-B0C7-73EAA7C2FE28}.Release|Any CPU.Build.0 = Release|Any CPU
		{3CBE087B-0EC5-4604-B1ED-0C9E77989A2A}.Debug|Any CPU.ActiveCfg = Debug|Any CPU
		{3CBE087B-0EC5-4604-B1ED-0C9E77989A2A}.Debug|Any CPU.Build.0 = Debug|Any CPU
		{3CBE087B-0EC5-4604-B1ED-0C9E77989A2A}.Release|Any CPU.ActiveCfg = Release|Any CPU
		{3CBE087B-0EC5-4604-B1ED-0C9E77989A2A}.Release|Any CPU.Build.0 = Release|Any CPU
		{BD7A26D8-4E13-4691-AB1D-21C38578A250}.Debug|Any CPU.ActiveCfg = Debug|Any CPU
		{BD7A26D8-4E13-4691-AB1D-21C38578A250}.Debug|Any CPU.Build.0 = Debug|Any CPU
		{BD7A26D8-4E13-4691-AB1D-21C38578A250}.Release|Any CPU.ActiveCfg = Release|Any CPU
		{BD7A26D8-4E13-4691-AB1D-21C38578A250}.Release|Any CPU.Build.0 = Release|Any CPU
		{6D013CD5-E797-428B-85E0-21617266168D}.Debug|Any CPU.ActiveCfg = Debug|Any CPU
		{6D013CD5-E797-428B-85E0-21617266168D}.Debug|Any CPU.Build.0 = Debug|Any CPU
		{6D013CD5-E797-428B-85E0-21617266168D}.Release|Any CPU.ActiveCfg = Release|Any CPU
		{6D013CD5-E797-428B-85E0-21617266168D}.Release|Any CPU.Build.0 = Release|Any CPU
		{3865D7F4-FAFD-409E-8F15-824D252FE439}.Debug|Any CPU.ActiveCfg = Debug|Any CPU
		{3865D7F4-FAFD-409E-8F15-824D252FE439}.Debug|Any CPU.Build.0 = Debug|Any CPU
		{3865D7F4-FAFD-409E-8F15-824D252FE439}.Release|Any CPU.ActiveCfg = Release|Any CPU
		{3865D7F4-FAFD-409E-8F15-824D252FE439}.Release|Any CPU.Build.0 = Release|Any CPU
		{6F2E03A1-0236-4C94-90AD-272897157254}.Debug|Any CPU.ActiveCfg = Debug|Any CPU
		{6F2E03A1-0236-4C94-90AD-272897157254}.Debug|Any CPU.Build.0 = Debug|Any CPU
		{6F2E03A1-0236-4C94-90AD-272897157254}.Release|Any CPU.ActiveCfg = Release|Any CPU
		{6F2E03A1-0236-4C94-90AD-272897157254}.Release|Any CPU.Build.0 = Release|Any CPU
		{5B79A3A1-8B18-44BE-82FD-D3DF105BAE53}.Debug|Any CPU.ActiveCfg = Debug|Any CPU
		{5B79A3A1-8B18-44BE-82FD-D3DF105BAE53}.Debug|Any CPU.Build.0 = Debug|Any CPU
		{5B79A3A1-8B18-44BE-82FD-D3DF105BAE53}.Release|Any CPU.ActiveCfg = Release|Any CPU
		{5B79A3A1-8B18-44BE-82FD-D3DF105BAE53}.Release|Any CPU.Build.0 = Release|Any CPU
		{C67EEBA1-5D9E-4D7A-9497-C804188561BA}.Debug|Any CPU.ActiveCfg = Debug|Any CPU
		{C67EEBA1-5D9E-4D7A-9497-C804188561BA}.Debug|Any CPU.Build.0 = Debug|Any CPU
		{C67EEBA1-5D9E-4D7A-9497-C804188561BA}.Release|Any CPU.ActiveCfg = Release|Any CPU
		{C67EEBA1-5D9E-4D7A-9497-C804188561BA}.Release|Any CPU.Build.0 = Release|Any CPU
		{D096476A-59B9-4EB6-8780-1532AB47843A}.Debug|Any CPU.ActiveCfg = Debug|Any CPU
		{D096476A-59B9-4EB6-8780-1532AB47843A}.Debug|Any CPU.Build.0 = Debug|Any CPU
		{D096476A-59B9-4EB6-8780-1532AB47843A}.Release|Any CPU.ActiveCfg = Release|Any CPU
		{D096476A-59B9-4EB6-8780-1532AB47843A}.Release|Any CPU.Build.0 = Release|Any CPU
		{63D95DA4-3E3A-4D93-8504-2ADC26D2B40E}.Debug|Any CPU.ActiveCfg = Debug|Any CPU
		{63D95DA4-3E3A-4D93-8504-2ADC26D2B40E}.Debug|Any CPU.Build.0 = Debug|Any CPU
		{63D95DA4-3E3A-4D93-8504-2ADC26D2B40E}.Release|Any CPU.ActiveCfg = Release|Any CPU
		{63D95DA4-3E3A-4D93-8504-2ADC26D2B40E}.Release|Any CPU.Build.0 = Release|Any CPU
		{BCA76097-F4AD-4212-9C54-FFE0AE14FDF9}.Debug|Any CPU.ActiveCfg = Debug|Any CPU
		{BCA76097-F4AD-4212-9C54-FFE0AE14FDF9}.Debug|Any CPU.Build.0 = Debug|Any CPU
		{BCA76097-F4AD-4212-9C54-FFE0AE14FDF9}.Release|Any CPU.ActiveCfg = Release|Any CPU
		{BCA76097-F4AD-4212-9C54-FFE0AE14FDF9}.Release|Any CPU.Build.0 = Release|Any CPU
		{2C3F77C3-F1D8-4208-B01F-505CA7076DE3}.Debug|Any CPU.ActiveCfg = Debug|Any CPU
		{2C3F77C3-F1D8-4208-B01F-505CA7076DE3}.Debug|Any CPU.Build.0 = Debug|Any CPU
		{2C3F77C3-F1D8-4208-B01F-505CA7076DE3}.Release|Any CPU.ActiveCfg = Release|Any CPU
		{2C3F77C3-F1D8-4208-B01F-505CA7076DE3}.Release|Any CPU.Build.0 = Release|Any CPU
	EndGlobalSection
	GlobalSection(SolutionProperties) = preSolution
		HideSolutionNode = FALSE
	EndGlobalSection
	GlobalSection(NestedProjects) = preSolution
		{73BF2D12-7A0D-4967-A87A-37892D9F1836} = {844F372A-41F2-4865-AC67-323E1C9E886E}
		{195C3DFA-D4A0-4080-AD83-40823CE693B2} = {844F372A-41F2-4865-AC67-323E1C9E886E}
		{39897307-A762-481A-899E-28B21EF24CB2} = {844F372A-41F2-4865-AC67-323E1C9E886E}
		{437C6E63-539F-4935-B0C7-73EAA7C2FE28} = {8DB7E0EB-D2EA-4160-828C-EA598412AB21}
		{3CBE087B-0EC5-4604-B1ED-0C9E77989A2A} = {8DB7E0EB-D2EA-4160-828C-EA598412AB21}
		{BD7A26D8-4E13-4691-AB1D-21C38578A250} = {8DB7E0EB-D2EA-4160-828C-EA598412AB21}
		{6D013CD5-E797-428B-85E0-21617266168D} = {C2573529-9C86-4819-A647-049D7995F24E}
		{3865D7F4-FAFD-409E-8F15-824D252FE439} = {C2573529-9C86-4819-A647-049D7995F24E}
		{6F2E03A1-0236-4C94-90AD-272897157254} = {C2573529-9C86-4819-A647-049D7995F24E}
		{5B79A3A1-8B18-44BE-82FD-D3DF105BAE53} = {69525897-B654-4D26-AFF6-BB060AEDF715}
		{C67EEBA1-5D9E-4D7A-9497-C804188561BA} = {69525897-B654-4D26-AFF6-BB060AEDF715}
		{D096476A-59B9-4EB6-8780-1532AB47843A} = {69525897-B654-4D26-AFF6-BB060AEDF715}
		{63D95DA4-3E3A-4D93-8504-2ADC26D2B40E} = {AA7669F5-BA92-41D8-BC39-415330114AE1}
		{BCA76097-F4AD-4212-9C54-FFE0AE14FDF9} = {AA7669F5-BA92-41D8-BC39-415330114AE1}
		{2C3F77C3-F1D8-4208-B01F-505CA7076DE3} = {AA7669F5-BA92-41D8-BC39-415330114AE1}
	EndGlobalSection
	GlobalSection(ExtensibilityGlobals) = postSolution
		SolutionGuid = {E7A44519-1DD6-4B84-83BC-B619E8C0C13E}
	EndGlobalSection
EndGlobal
